
Microsoft Visual Studio Solution File, Format Version 12.00
# Visual Studio Version 17
VisualStudioVersion = 17.2.32630.192
MinimumVisualStudioVersion = 10.0.40219.1
Project("{FAE04EC0-301F-11D3-BF4B-00C04F79EFBC}") = "CourseDiary.Wcf.Infrastructure", "CourseDiary.Wcf.Infrastructure\CourseDiary.Wcf.Infrastructure.csproj", "{96BE0BAF-FD87-4825-97F3-41B39DED0F24}"
EndProject
Project("{FAE04EC0-301F-11D3-BF4B-00C04F79EFBC}") = "CourseDiary.Wcf.Domain", "CourseDiary.Wcf.Domain\CourseDiary.Wcf.Domain.csproj", "{4E689706-45B7-495E-BF4A-A3AC8BEE69DF}"
EndProject
Project("{2150E333-8FDC-42A3-9474-1A3956D46DE8}") = "Backend", "Backend", "{4471808B-4451-41CA-B909-C81B6B120809}"
EndProject
Project("{2150E333-8FDC-42A3-9474-1A3956D46DE8}") = "ForUser", "ForUser", "{FA74C586-1F1F-4FA1-A5BD-F0C7D4F74631}"
EndProject
Project("{FAE04EC0-301F-11D3-BF4B-00C04F79EFBC}") = "CourseDiary.Wcf.ServiceDefinitions", "CourseDiary.Wcf.ServiceDefinitions\CourseDiary.Wcf.ServiceDefinitions.csproj", "{8380ED5A-E0DF-4E8C-921B-564CFE8EA630}"
EndProject
Project("{FAE04EC0-301F-11D3-BF4B-00C04F79EFBC}") = "CourseDiary.Wcf.SelfhostServer", "CourseDiary.Wcf.SelfhostServer\CourseDiary.Wcf.SelfhostServer.csproj", "{50199CD7-100F-4BD7-9D6C-B70DC942F1DA}"
EndProject
Project("{FAE04EC0-301F-11D3-BF4B-00C04F79EFBC}") = "CourseDiary.Wcf.Client", "CourseDiary.Wcf.Client\CourseDiary.Wcf.Client.csproj", "{3160BD76-CD43-4715-9C48-9EF7CEDC41A8}"
EndProject
Global
	GlobalSection(SolutionConfigurationPlatforms) = preSolution
		Debug|Any CPU = Debug|Any CPU
		Release|Any CPU = Release|Any CPU
	EndGlobalSection
	GlobalSection(ProjectConfigurationPlatforms) = postSolution
		{96BE0BAF-FD87-4825-97F3-41B39DED0F24}.Debug|Any CPU.ActiveCfg = Debug|Any CPU
		{96BE0BAF-FD87-4825-97F3-41B39DED0F24}.Debug|Any CPU.Build.0 = Debug|Any CPU
		{96BE0BAF-FD87-4825-97F3-41B39DED0F24}.Release|Any CPU.ActiveCfg = Release|Any CPU
		{96BE0BAF-FD87-4825-97F3-41B39DED0F24}.Release|Any CPU.Build.0 = Release|Any CPU
		{4E689706-45B7-495E-BF4A-A3AC8BEE69DF}.Debug|Any CPU.ActiveCfg = Debug|Any CPU
		{4E689706-45B7-495E-BF4A-A3AC8BEE69DF}.Debug|Any CPU.Build.0 = Debug|Any CPU
		{4E689706-45B7-495E-BF4A-A3AC8BEE69DF}.Release|Any CPU.ActiveCfg = Release|Any CPU
		{4E689706-45B7-495E-BF4A-A3AC8BEE69DF}.Release|Any CPU.Build.0 = Release|Any CPU
		{8380ED5A-E0DF-4E8C-921B-564CFE8EA630}.Debug|Any CPU.ActiveCfg = Debug|Any CPU
		{8380ED5A-E0DF-4E8C-921B-564CFE8EA630}.Debug|Any CPU.Build.0 = Debug|Any CPU
		{8380ED5A-E0DF-4E8C-921B-564CFE8EA630}.Release|Any CPU.ActiveCfg = Release|Any CPU
		{8380ED5A-E0DF-4E8C-921B-564CFE8EA630}.Release|Any CPU.Build.0 = Release|Any CPU
		{50199CD7-100F-4BD7-9D6C-B70DC942F1DA}.Debug|Any CPU.ActiveCfg = Debug|Any CPU
		{50199CD7-100F-4BD7-9D6C-B70DC942F1DA}.Debug|Any CPU.Build.0 = Debug|Any CPU
		{50199CD7-100F-4BD7-9D6C-B70DC942F1DA}.Release|Any CPU.ActiveCfg = Release|Any CPU
		{50199CD7-100F-4BD7-9D6C-B70DC942F1DA}.Release|Any CPU.Build.0 = Release|Any CPU
		{3160BD76-CD43-4715-9C48-9EF7CEDC41A8}.Debug|Any CPU.ActiveCfg = Debug|Any CPU
		{3160BD76-CD43-4715-9C48-9EF7CEDC41A8}.Debug|Any CPU.Build.0 = Debug|Any CPU
		{3160BD76-CD43-4715-9C48-9EF7CEDC41A8}.Release|Any CPU.ActiveCfg = Release|Any CPU
		{3160BD76-CD43-4715-9C48-9EF7CEDC41A8}.Release|Any CPU.Build.0 = Release|Any CPU
	EndGlobalSection
	GlobalSection(SolutionProperties) = preSolution
		HideSolutionNode = FALSE
	EndGlobalSection
	GlobalSection(NestedProjects) = preSolution
		{96BE0BAF-FD87-4825-97F3-41B39DED0F24} = {4471808B-4451-41CA-B909-C81B6B120809}
		{4E689706-45B7-495E-BF4A-A3AC8BEE69DF} = {4471808B-4451-41CA-B909-C81B6B120809}
		{8380ED5A-E0DF-4E8C-921B-564CFE8EA630} = {FA74C586-1F1F-4FA1-A5BD-F0C7D4F74631}
		{50199CD7-100F-4BD7-9D6C-B70DC942F1DA} = {FA74C586-1F1F-4FA1-A5BD-F0C7D4F74631}
		{3160BD76-CD43-4715-9C48-9EF7CEDC41A8} = {FA74C586-1F1F-4FA1-A5BD-F0C7D4F74631}
	EndGlobalSection
	GlobalSection(ExtensibilityGlobals) = postSolution
		SolutionGuid = {D108CF04-FF5F-455B-87FC-59A8B5429F19}
	EndGlobalSection
EndGlobal
